dependencies:
- name: mychart1
  repository: https://stacksimplify.github.io/helm-charts/
  version: 0.1.0
- name: mychart2
  repository: https://stacksimplify.github.io/helm-charts/
  version: 0.4.0
- name: mysql
  repository: https://charts.bitnami.com/bitnami
  version: 9.9.0
digest: sha256:74a1bdb0ffc619673fac15c6f456d9ec9bd9c0c604d8f41fc7e8df97a53f349b
generated: "2023-09-05T14:25:47.973701+02:00"
